
Microsoft Visual Studio Solution File, Format Version 12.00
# Visual Studio Version 16
VisualStudioVersion = 16.0.33328.57
MinimumVisualStudioVersion = 10.0.40219.1
Project("{FAE04EC0-301F-11D3-BF4B-00C04F79EFBC}") = "WpfApp3", "WpfApp3\WpfApp3.csproj", "{DA9A0AB7-DDA0-47DC-A003-D66ECA7E6874}"
EndProject
Global
	GlobalSection(SolutionConfigurationPlatforms) = preSolution
		Debug|Any CPU = Debug|Any CPU
		Release|Any CPU = Release|Any CPU
	EndGlobalSection
	GlobalSection(ProjectConfigurationPlatforms) = postSolution
		{DA9A0AB7-DDA0-47DC-A003-D66ECA7E6874}.Debug|Any CPU.ActiveCfg = Debug|Any CPU
		{DA9A0AB7-DDA0-47DC-A003-D66ECA7E6874}.Debug|Any CPU.Build.0 = Debug|Any CPU
		{DA9A0AB7-DDA0-47DC-A003-D66ECA7E6874}.Release|Any CPU.ActiveCfg = Release|Any CPU
		{DA9A0AB7-DDA0-47DC-A003-D66ECA7E6874}.Release|Any CPU.Build.0 = Release|Any CPU
	EndGlobalSection
	GlobalSection(SolutionProperties) = preSolution
		HideSolutionNode = FALSE
	EndGlobalSection
	GlobalSection(ExtensibilityGlobals) = postSolution
		SolutionGuid = {01F6C927-CCE0-4F63-A377-9B2C136FE2BD}
	EndGlobalSection
EndGlobal
